PODS:
  - YGSpeech (0.1.0):
    - YGSpeech/Foundation (= 0.1.0)
  - YGSpeech/Foundation (0.1.0)

DEPENDENCIES:
  - YGSpeech (from `../`)

EXTERNAL SOURCES:
  YGSpeech:
    :path: "../"

SPEC CHECKSUMS:
  YGSpeech: 493e1ea4a10f5bc5bb29429312dc737a333186fb

PODFILE CHECKSUM: 9df0cce7e1c91f8c8e78d98586a1fa378a048d52

COCOAPODS: 1.9.1
